<?xml version="1.0" encoding="UTF-8" standalone="yes" ?>
<CodeBlocks_project_file>
	<FileVersion major="1" minor="6" />
	<Project>
		<Option title="Finances" />
		<Option pch_mode="2" />
		<Option compiler="gcc" />
		<Build>
			<Target title="Debug">
				<Option output="bin/Debug/addressBook OOP" prefix_auto="1" extension_auto="1" />
				<Option object_output="obj/Debug/" />
				<Option type="1" />
				<Option compiler="gcc" />
				<Compiler>
					<Add option="-g" />
				</Compiler>
			</Target>
			<Target title="Release">
				<Option output="bin/Release/addressBook OOP" prefix_auto="1" extension_auto="1" />
				<Option object_output="obj/Release/" />
				<Option type="1" />
				<Option compiler="gcc" />
				<Compiler>
					<Add option="-O2" />
				</Compiler>
				<Linker>
					<Add option="-s" />
				</Linker>
			</Target>
		</Build>
		<Compiler>
			<Add option="-Wall" />
			<Add option="-fexceptions" />
		</Compiler>
		<Unit filename="AdditionalFunctions.cpp" />
		<Unit filename="AdditionalFunctions.h" />
		<Unit filename="FileWithIncomes.cpp" />
		<Unit filename="FileWithIncomes.h" />
		<Unit filename="FileWithUsers.cpp" />
		<Unit filename="FileWithUsers.h" />
		<Unit filename="Finances.cpp" />
		<Unit filename="Finances.h" />
		<Unit filename="Income.cpp" />
		<Unit filename="Income.h" />
		<Unit filename="IncomesManager.cpp" />
		<Unit filename="IncomesManager.h" />
		<Unit filename="TextFile.cpp" />
		<Unit filename="TextFile.h" />
		<Unit filename="User.cpp" />
		<Unit filename="User.h" />
		<Unit filename="UsersManager.cpp" />
		<Unit filename="UsersManager.h" />
		<Unit filename="main.cpp" />
		<Extensions>
			<code_completion />
			<envvars />
			<debugger />
			<lib_finder disable_auto="1" />
		</Extensions>
	</Project>
</CodeBlocks_project_file>
